// !$*UTF8*$!
{
	archiveVersion = 1;
	classes = {
	};
	objectVersion = 56;
	objects = {

/* Begin PBXBuildFile section */
		B8FDCBDC2C7FA6B4006D5E6B /* ScrumdingerApp.swift in Sources */ = {isa = PBXBuildFile; fileRef = B8FDCBDB2C7FA6B4006D5E6B /* ScrumdingerApp.swift */; };
		B8FDCBDE2C7FA6B4006D5E6B /* MeetingView.swift in Sources */ = {isa = PBXBuildFile; fileRef = B8FDCBDD2C7FA6B4006D5E6B /* MeetingView.swift */; };
		B8FDCBE32C7FA6B5006D5E6B /* Preview Assets.xcassets in Resources */ = {isa = PBXBuildFile; fileRef = B8FDCBE22C7FA6B5006D5E6B /* Preview Assets.xcassets */; };
		B8FDCBEB2C7FC6B8006D5E6B /* Theme.swift in Sources */ = {isa = PBXBuildFile; fileRef = B8FDCBEA2C7FC6B8006D5E6B /* Theme.swift */; };
		B8FDCBED2C7FC8B0006D5E6B /* DailyScrum.swift in Sources */ = {isa = PBXBuildFile; fileRef = B8FDCBEC2C7FC8B0006D5E6B /* DailyScrum.swift */; };
		B8FDCBEF2C7FCC30006D5E6B /* CardView.swift in Sources */ = {isa = PBXBuildFile; fileRef = B8FDCBEE2C7FCC30006D5E6B /* CardView.swift */; };
		B8FDCBF12C80534C006D5E6B /* TrailingIconLabelStyle.swift in Sources */ = {isa = PBXBuildFile; fileRef = B8FDCBF02C80534C006D5E6B /* TrailingIconLabelStyle.swift */; };
		B8FDCBF32C8125D3006D5E6B /* Assets.xcassets in Resources */ = {isa = PBXBuildFile; fileRef = B8FDCBF22C8125D3006D5E6B /* Assets.xcassets */; };
		B8FDCBF52C866BA9006D5E6B /* ScrumsView.swift in Sources */ = {isa = PBXBuildFile; fileRef = B8FDCBF42C866BA9006D5E6B /* ScrumsView.swift */; };
		B8FDCBF92C86903D006D5E6B /* DetailView.swift in Sources */ = {isa = PBXBuildFile; fileRef = B8FDCBF82C86903D006D5E6B /* DetailView.swift */; };
		B8FDCBFB2C90D5F0006D5E6B /* DetailEditView.swift in Sources */ = {isa = PBXBuildFile; fileRef = B8FDCBFA2C90D5F0006D5E6B /* DetailEditView.swift */; };
/* End PBXBuildFile section */

/* Begin PBXFileReference section */
		B8FDCBD82C7FA6B4006D5E6B /* Scrumdinger.app */ = {isa = PBXFileReference; explicitFileType = wrapper.application; includeInIndex = 0; path = Scrumdinger.app; sourceTree = BUILT_PRODUCTS_DIR; };
		B8FDCBDB2C7FA6B4006D5E6B /* ScrumdingerApp.swift */ = {isa = PBXFileReference; lastKnownFileType = sourcecode.swift; path = ScrumdingerApp.swift; sourceTree = "<group>"; };
		B8FDCBDD2C7FA6B4006D5E6B /* MeetingView.swift */ = {isa = PBXFileReference; lastKnownFileType = sourcecode.swift; path = MeetingView.swift; sourceTree = "<group>"; };
		B8FDCBE22C7FA6B5006D5E6B /* Preview Assets.xcassets */ = {isa = PBXFileReference; lastKnownFileType = folder.assetcatalog; path = "Preview Assets.xcassets"; sourceTree = "<group>"; };
		B8FDCBEA2C7FC6B8006D5E6B /* Theme.swift */ = {isa = PBXFileReference; lastKnownFileType = sourcecode.swift; path = Theme.swift; sourceTree = "<group>"; };
		B8FDCBEC2C7FC8B0006D5E6B /* DailyScrum.swift */ = {isa = PBXFileReference; lastKnownFileType = sourcecode.swift; path = DailyScrum.swift; sourceTree = "<group>"; };
		B8FDCBEE2C7FCC30006D5E6B /* CardView.swift */ = {isa = PBXFileReference; lastKnownFileType = sourcecode.swift; path = CardView.swift; sourceTree = "<group>"; };
		B8FDCBF02C80534C006D5E6B /* TrailingIconLabelStyle.swift */ = {isa = PBXFileReference; lastKnownFileType = sourcecode.swift; path = TrailingIconLabelStyle.swift; sourceTree = "<group>"; };
		B8FDCBF22C8125D3006D5E6B /* Assets.xcassets */ = {isa = PBXFileReference; lastKnownFileType = folder.assetcatalog; name = Assets.xcassets; path = ../../../../Downloads/DisplayingDataInAList/StartingProject/Scrumdinger/Assets.xcassets; sourceTree = "<group>"; };
		B8FDCBF42C866BA9006D5E6B /* ScrumsView.swift */ = {isa = PBXFileReference; lastKnownFileType = sourcecode.swift; path = ScrumsView.swift; sourceTree = "<group>"; };
		B8FDCBF82C86903D006D5E6B /* DetailView.swift */ = {isa = PBXFileReference; lastKnownFileType = sourcecode.swift; path = DetailView.swift; sourceTree = "<group>"; };
		B8FDCBFA2C90D5F0006D5E6B /* DetailEditView.swift */ = {isa = PBXFileReference; lastKnownFileType = sourcecode.swift; path = DetailEditView.swift; sourceTree = "<group>"; };
/* End PBXFileReference section */

/* Begin PBXFrameworksBuildPhase section */
		B8FDCBD52C7FA6B4006D5E6B /* Frameworks */ = {
			isa = PBXFrameworksBuildPhase;
			buildActionMask = 2147483647;
			files = (
			);
			runOnlyForDeploymentPostprocessing = 0;
		};
/* End PBXFrameworksBuildPhase section */

/* Begin PBXGroup section */
		B8FDCBCF2C7FA6B4006D5E6B = {
			isa = PBXGroup;
			children = (
				B8FDCBDA2C7FA6B4006D5E6B /* Scrumdinger */,
				B8FDCBD92C7FA6B4006D5E6B /* Products */,
			);
			sourceTree = "<group>";
		};
		B8FDCBD92C7FA6B4006D5E6B /* Products */ = {
			isa = PBXGroup;
			children = (
				B8FDCBD82C7FA6B4006D5E6B /* Scrumdinger.app */,
			);
			name = Products;
			sourceTree = "<group>";
		};
		B8FDCBDA2C7FA6B4006D5E6B /* Scrumdinger */ = {
			isa = PBXGroup;
			children = (
				B8FDCBE12C7FA6B5006D5E6B /* Preview Content */,
				B8FDCBE92C7FC4CE006D5E6B /* Models */,
				B8FDCBF72C868667006D5E6B /* Views */,
				B8FDCBDB2C7FA6B4006D5E6B /* ScrumdingerApp.swift */,
				B8FDCBF22C8125D3006D5E6B /* Assets.xcassets */,
			);
			path = Scrumdinger;
			sourceTree = "<group>";
		};
		B8FDCBE12C7FA6B5006D5E6B /* Preview Content */ = {
			isa = PBXGroup;
			children = (
				B8FDCBE22C7FA6B5006D5E6B /* Preview Assets.xcassets */,
			);
			path = "Preview Content";
			sourceTree = "<group>";
		};
		B8FDCBE92C7FC4CE006D5E6B /* Models */ = {
			isa = PBXGroup;
			children = (
				B8FDCBEC2C7FC8B0006D5E6B /* DailyScrum.swift */,
				B8FDCBEA2C7FC6B8006D5E6B /* Theme.swift */,
			);
			name = Models;
			sourceTree = "<group>";
		};
		B8FDCBF72C868667006D5E6B /* Views */ = {
			isa = PBXGroup;
			children = (
				B8FDCBEE2C7FCC30006D5E6B /* CardView.swift */,
				B8FDCBDD2C7FA6B4006D5E6B /* MeetingView.swift */,
				B8FDCBF42C866BA9006D5E6B /* ScrumsView.swift */,
				B8FDCBF02C80534C006D5E6B /* TrailingIconLabelStyle.swift */,
				B8FDCBF82C86903D006D5E6B /* DetailView.swift */,
				B8FDCBFA2C90D5F0006D5E6B /* DetailEditView.swift */,
			);
			path = Views;
			sourceTree = "<group>";
		};
/* End PBXGroup section */

/* Begin PBXNativeTarget section */
		B8FDCBD72C7FA6B4006D5E6B /* Scrumdinger */ = {
			isa = PBXNativeTarget;
			buildConfigurationList = B8FDCBE62C7FA6B5006D5E6B /* Build configuration list for PBXNativeTarget "Scrumdinger" */;
			buildPhases = (
				B8FDCBD42C7FA6B4006D5E6B /* Sources */,
				B8FDCBD52C7FA6B4006D5E6B /* Frameworks */,
				B8FDCBD62C7FA6B4006D5E6B /* Resources */,
			);
			buildRules = (
			);
			dependencies = (
			);
			name = Scrumdinger;
			productName = Scrumdinger;
			productReference = B8FDCBD82C7FA6B4006D5E6B /* Scrumdinger.app */;
			productType = "com.apple.product-type.application";
		};
/* End PBXNativeTarget section */

/* Begin PBXProject section */
		B8FDCBD02C7FA6B4006D5E6B /* Project object */ = {
			isa = PBXProject;
			attributes = {
				BuildIndependentTargetsInParallel = 1;
				LastSwiftUpdateCheck = 1540;
				LastUpgradeCheck = 1540;
				TargetAttributes = {
					B8FDCBD72C7FA6B4006D5E6B = {
						CreatedOnToolsVersion = 15.4;
					};
				};
			};
			buildConfigurationList = B8FDCBD32C7FA6B4006D5E6B /* Build configuration list for PBXProject "Scrumdinger" */;
			compatibilityVersion = "Xcode 14.0";
			developmentRegion = en;
			hasScannedForEncodings = 0;
			knownRegions = (
				en,
				Base,
			);
			mainGroup = B8FDCBCF2C7FA6B4006D5E6B;
			productRefGroup = B8FDCBD92C7FA6B4006D5E6B /* Products */;
			projectDirPath = "";
			projectRoot = "";
			targets = (
				B8FDCBD72C7FA6B4006D5E6B /* Scrumdinger */,
			);
		};
/* End PBXProject section */

/* Begin PBXResourcesBuildPhase section */
		B8FDCBD62C7FA6B4006D5E6B /* Resources */ = {
			isa = PBXResourcesBuildPhase;
			buildActionMask = 2147483647;
			files = (
				B8FDCBE32C7FA6B5006D5E6B /* Preview Assets.xcassets in Resources */,
				B8FDCBF32C8125D3006D5E6B /* Assets.xcassets in Resources */,
			);
			runOnlyForDeploymentPostprocessing = 0;
		};
/* End PBXResourcesBuildPhase section */

/* Begin PBXSourcesBuildPhase section */
		B8FDCBD42C7FA6B4006D5E6B /* Sources */ = {
			isa = PBXSourcesBuildPhase;
			buildActionMask = 2147483647;
			files = (
				B8FDCBED2C7FC8B0006D5E6B /* DailyScrum.swift in Sources */,
				B8FDCBF92C86903D006D5E6B /* DetailView.swift in Sources */,
				B8FDCBFB2C90D5F0006D5E6B /* DetailEditView.swift in Sources */,
				B8FDCBF12C80534C006D5E6B /* TrailingIconLabelStyle.swift in Sources */,
				B8FDCBEB2C7FC6B8006D5E6B /* Theme.swift in Sources */,
				B8FDCBF52C866BA9006D5E6B /* ScrumsView.swift in Sources */,
				B8FDCBDE2C7FA6B4006D5E6B /* MeetingView.swift in Sources */,
				B8FDCBDC2C7FA6B4006D5E6B /* ScrumdingerApp.swift in Sources */,
				B8FDCBEF2C7FCC30006D5E6B /* CardView.swift in Sources */,
			);
			runOnlyForDeploymentPostprocessing = 0;
		};
/* End PBXSourcesBuildPhase section */

/* Begin XCBuildConfiguration section */
		B8FDCBE42C7FA6B5006D5E6B /* Debug */ = {
			isa = XCBuildConfiguration;
			buildSettings = {
				ALWAYS_SEARCH_USER_PATHS = NO;
				ASSETCATALOG_COMPILER_GENERATE_SWIFT_ASSET_SYMBOL_EXTENSIONS = YES;
				CLANG_ANALYZER_NONNULL = YES;
				CLANG_ANALYZER_NUMBER_OBJECT_CONVERSION = YES_AGGRESSIVE;
				CLANG_CXX_LANGUAGE_STANDARD = "gnu++20";
				CLANG_ENABLE_MODULES = YES;
				CLANG_ENABLE_OBJC_ARC = YES;
				CLANG_ENABLE_OBJC_WEAK = YES;
				CLANG_WARN_BLOCK_CAPTURE_AUTORELEASING = YES;
				CLANG_WARN_BOOL_CONVERSION = YES;
				CLANG_WARN_COMMA = YES;
				CLANG_WARN_CONSTANT_CONVERSION = YES;
				CLANG_WARN_DEPRECATED_OBJC_IMPLEMENTATIONS = YES;
				CLANG_WARN_DIRECT_OBJC_ISA_USAGE = YES_ERROR;
				CLANG_WARN_DOCUMENTATION_COMMENTS = YES;
				CLANG_WARN_EMPTY_BODY = YES;
				CLANG_WARN_ENUM_CONVERSION = YES;
				CLANG_WARN_INFINITE_RECURSION = YES;
				CLANG_WARN_INT_CONVERSION = YES;
				CLANG_WARN_NON_LITERAL_NULL_CONVERSION = YES;
				CLANG_WARN_OBJC_IMPLICIT_RETAIN_SELF = YES;
				CLANG_WARN_OBJC_LITERAL_CONVERSION = YES;
				CLANG_WARN_OBJC_ROOT_CLASS = YES_ERROR;
				CLANG_WARN_QUOTED_INCLUDE_IN_FRAMEWORK_HEADER = YES;
				CLANG_WARN_RANGE_LOOP_ANALYSIS = YES;
				CLANG_WARN_STRICT_PROTOTYPES = YES;
				CLANG_WARN_SUSPICIOUS_MOVE = YES;
				CLANG_WARN_UNGUARDED_AVAILABILITY = YES_AGGRESSIVE;
				CLANG_WARN_UNREACHABLE_CODE = YES;
				CLANG_WARN__DUPLICATE_METHOD_MATCH = YES;
				COPY_PHASE_STRIP = NO;
				DEBUG_INFORMATION_FORMAT = dwarf;
				ENABLE_STRICT_OBJC_MSGSEND = YES;
				ENABLE_TESTABILITY = YES;
				ENABLE_USER_SCRIPT_SANDBOXING = YES;
				GCC_C_LANGUAGE_STANDARD = gnu17;
				GCC_DYNAMIC_NO_PIC = NO;
				GCC_NO_COMMON_BLOCKS = YES;
				GCC_OPTIMIZATION_LEVEL = 0;
				GCC_PREPROCESSOR_DEFINITIONS = (
					"DEBUG=1",
					"$(inherited)",
				);
				GCC_WARN_64_TO_32_BIT_CONVERSION = YES;
				GCC_WARN_ABOUT_RETURN_TYPE = YES_ERROR;
				GCC_WARN_UNDECLARED_SELECTOR = YES;
				GCC_WARN_UNINITIALIZED_AUTOS = YES_AGGRESSIVE;
				GCC_WARN_UNUSED_FUNCTION = YES;
				GCC_WARN_UNUSED_VARIABLE = YES;
				IPHONEOS_DEPLOYMENT_TARGET = 17.5;
				LOCALIZATION_PREFERS_STRING_CATALOGS = YES;
				MTL_ENABLE_DEBUG_INFO = INCLUDE_SOURCE;
				MTL_FAST_MATH = YES;
				ONLY_ACTIVE_ARCH = YES;
				SDKROOT = iphoneos;
				SWIFT_ACTIVE_COMPILATION_CONDITIONS = "DEBUG $(inherited)";
				SWIFT_OPTIMIZATION_LEVEL = "-Onone";
			};
			name = Debug;
		};
		B8FDCBE52C7FA6B5006D5E6B /* Release */ = {
			isa = XCBuildConfiguration;
			buildSettings = {
				ALWAYS_SEARCH_USER_PATHS = NO;
				ASSETCATALOG_COMPILER_GENERATE_SWIFT_ASSET_SYMBOL_EXTENSIONS = YES;
				CLANG_ANALYZER_NONNULL = YES;
				CLANG_ANALYZER_NUMBER_OBJECT_CONVERSION = YES_AGGRESSIVE;
				CLANG_CXX_LANGUAGE_STANDARD = "gnu++20";
				CLANG_ENABLE_MODULES = YES;
				CLANG_ENABLE_OBJC_ARC = YES;
				CLANG_ENABLE_OBJC_WEAK = YES;
				CLANG_WARN_BLOCK_CAPTURE_AUTORELEASING = YES;
				CLANG_WARN_BOOL_CONVERSION = YES;
				CLANG_WARN_COMMA = YES;
				CLANG_WARN_CONSTANT_CONVERSION = YES;
				CLANG_WARN_DEPRECATED_OBJC_IMPLEMENTATIONS = YES;
				CLANG_WARN_DIRECT_OBJC_ISA_USAGE = YES_ERROR;
				CLANG_WARN_DOCUMENTATION_COMMENTS = YES;
				CLANG_WARN_EMPTY_BODY = YES;
				CLANG_WARN_ENUM_CONVERSION = YES;
				CLANG_WARN_INFINITE_RECURSION = YES;
				CLANG_WARN_INT_CONVERSION = YES;
				CLANG_WARN_NON_LITERAL_NULL_CONVERSION = YES;
				CLANG_WARN_OBJC_IMPLICIT_RETAIN_SELF = YES;
				CLANG_WARN_OBJC_LITERAL_CONVERSION = YES;
				CLANG_WARN_OBJC_ROOT_CLASS = YES_ERROR;
				CLANG_WARN_QUOTED_INCLUDE_IN_FRAMEWORK_HEADER = YES;
				CLANG_WARN_RANGE_LOOP_ANALYSIS = YES;
				CLANG_WARN_STRICT_PROTOTYPES = YES;
				CLANG_WARN_SUSPICIOUS_MOVE = YES;
				CLANG_WARN_UNGUARDED_AVAILABILITY = YES_AGGRESSIVE;
				CLANG_WARN_UNREACHABLE_CODE = YES;
				CLANG_WARN__DUPLICATE_METHOD_MATCH = YES;
				COPY_PHASE_STRIP = NO;
				DEBUG_INFORMATION_FORMAT = "dwarf-with-dsym";
				ENABLE_NS_ASSERTIONS = NO;
				ENABLE_STRICT_OBJC_MSGSEND = YES;
				ENABLE_USER_SCRIPT_SANDBOXING = YES;
				GCC_C_LANGUAGE_STANDARD = gnu17;
				GCC_NO_COMMON_BLOCKS = YES;
				GCC_WARN_64_TO_32_BIT_CONVERSION = YES;
				GCC_WARN_ABOUT_RETURN_TYPE = YES_ERROR;
				GCC_WARN_UNDECLARED_SELECTOR = YES;
				GCC_WARN_UNINITIALIZED_AUTOS = YES_AGGRESSIVE;
				GCC_WARN_UNUSED_FUNCTION = YES;
				GCC_WARN_UNUSED_VARIABLE = YES;
				IPHONEOS_DEPLOYMENT_TARGET = 17.5;
				LOCALIZATION_PREFERS_STRING_CATALOGS = YES;
				MTL_ENABLE_DEBUG_INFO = NO;
				MTL_FAST_MATH = YES;
				SDKROOT = iphoneos;
				SWIFT_COMPILATION_MODE = wholemodule;
				VALIDATE_PRODUCT = YES;
			};
			name = Release;
		};
		B8FDCBE72C7FA6B5006D5E6B /* Debug */ = {
			isa = XCBuildConfiguration;
			buildSettings = {
				ASSETCATALOG_COMPILER_APPICON_NAME = AppIcon;
				ASSETCATALOG_COMPILER_GLOBAL_ACCENT_COLOR_NAME = AccentColor;
				CODE_SIGN_STYLE = Automatic;
				CURRENT_PROJECT_VERSION = 1;
				DEVELOPMENT_ASSET_PATHS = "\"Scrumdinger/Preview Content\"";
				DEVELOPMENT_TEAM = 9277NDD94M;
				ENABLE_PREVIEWS = YES;
				GENERATE_INFOPLIST_FILE = YES;
				INFOPLIST_KEY_UIApplicationSceneManifest_Generation = YES;
				INFOPLIST_KEY_UIApplicationSupportsIndirectInputEvents = YES;
				INFOPLIST_KEY_UILaunchScreen_Generation = YES;
				INFOPLIST_KEY_UISupportedInterfaceOrientations_iPad = "UIInterfaceOrientationPortrait UIInterfaceOrientationPortraitUpsideDown UIInterfaceOrientationLandscapeLeft UIInterfaceOrientationLandscapeRight";
				INFOPLIST_KEY_UISupportedInterfaceOrientations_iPhone = "UIInterfaceOrientationPortrait UIInterfaceOrientationLandscapeLeft UIInterfaceOrientationLandscapeRight";
				LD_RUNPATH_SEARCH_PATHS = (
					"$(inherited)",
					"@executable_path/Frameworks",
				);
				MARKETING_VERSION = 1.0;
				PRODUCT_BUNDLE_IDENTIFIER = rbermudez8.Scrumdinger;
				PRODUCT_NAME = "$(TARGET_NAME)";
				SWIFT_EMIT_LOC_STRINGS = YES;
				SWIFT_VERSION = 5.0;
				TARGETED_DEVICE_FAMILY = "1,2";
			};
			name = Debug;
		};
		B8FDCBE82C7FA6B5006D5E6B /* Release */ = {
			isa = XCBuildConfiguration;
			buildSettings = {
				ASSETCATALOG_COMPILER_APPICON_NAME = AppIcon;
				ASSETCATALOG_COMPILER_GLOBAL_ACCENT_COLOR_NAME = AccentColor;
				CODE_SIGN_STYLE = Automatic;
				CURRENT_PROJECT_VERSION = 1;
				DEVELOPMENT_ASSET_PATHS = "\"Scrumdinger/Preview Content\"";
				DEVELOPMENT_TEAM = 9277NDD94M;
				ENABLE_PREVIEWS = YES;
				GENERATE_INFOPLIST_FILE = YES;
				INFOPLIST_KEY_UIApplicationSceneManifest_Generation = YES;
				INFOPLIST_KEY_UIApplicationSupportsIndirectInputEvents = YES;
				INFOPLIST_KEY_UILaunchScreen_Generation = YES;
				INFOPLIST_KEY_UISupportedInterfaceOrientations_iPad = "UIInterfaceOrientationPortrait UIInterfaceOrientationPortraitUpsideDown UIInterfaceOrientationLandscapeLeft UIInterfaceOrientationLandscapeRight";
				INFOPLIST_KEY_UISupportedInterfaceOrientations_iPhone = "UIInterfaceOrientationPortrait UIInterfaceOrientationLandscapeLeft UIInterfaceOrientationLandscapeRight";
				LD_RUNPATH_SEARCH_PATHS = (
					"$(inherited)",
					"@executable_path/Frameworks",
				);
				MARKETING_VERSION = 1.0;
				PRODUCT_BUNDLE_IDENTIFIER = rbermudez8.Scrumdinger;
				PRODUCT_NAME = "$(TARGET_NAME)";
				SWIFT_EMIT_LOC_STRINGS = YES;
				SWIFT_VERSION = 5.0;
				TARGETED_DEVICE_FAMILY = "1,2";
			};
			name = Release;
		};
/* End XCBuildConfiguration section */

/* Begin XCConfigurationList section */
		B8FDCBD32C7FA6B4006D5E6B /* Build configuration list for PBXProject "Scrumdinger" */ = {
			isa = XCConfigurationList;
			buildConfigurations = (
				B8FDCBE42C7FA6B5006D5E6B /* Debug */,
				B8FDCBE52C7FA6B5006D5E6B /* Release */,
			);
			defaultConfigurationIsVisible = 0;
			defaultConfigurationName = Release;
		};
		B8FDCBE62C7FA6B5006D5E6B /* Build configuration list for PBXNativeTarget "Scrumdinger" */ = {
			isa = XCConfigurationList;
			buildConfigurations = (
				B8FDCBE72C7FA6B5006D5E6B /* Debug */,
				B8FDCBE82C7FA6B5006D5E6B /* Release */,
			);
			defaultConfigurationIsVisible = 0;
			defaultConfigurationName = Release;
		};
/* End XCConfigurationList section */
	};
	rootObject = B8FDCBD02C7FA6B4006D5E6B /* Project object */;
}
